// !$*UTF8*$!
{
	archiveVersion = 1;
	classes = {
	};
	objectVersion = 77;
	objects = {

/* Begin PBXBuildFile section */
		0DD83EFC0825E830344E8301 /* NetworkMonitor.swift in Sources */ = {isa = PBXBuildFile; fileRef = 05670556DBF0B65EE435060A /* NetworkMonitor.swift */; };
		21F237FAE55974F3D17484B5 /* Assets.xcassets in Resources */ = {isa = PBXBuildFile; fileRef = C87A89DE6FE1B3DD855620A3 /* Assets.xcassets */; };
		304140B418F5D3ACBA93DA0D /* ContentView.swift in Sources */ = {isa = PBXBuildFile; fileRef = 8B505D2366D01C9485C72F17 /* ContentView.swift */; };
		41B7084DD081155FC36FE98F /* VisualEffectView.swift in Sources */ = {isa = PBXBuildFile; fileRef = 9E9EFF0B844C31B0FD9B85C6 /* VisualEffectView.swift */; };
		92C891B2916FD7339410D7BD /* ResourceTrackerApp.swift in Sources */ = {isa = PBXBuildFile; fileRef = 30B2A04F9F6A2C1450188BDC /* ResourceTrackerApp.swift */; };
		CD04EC7EF4CED70AD9801884 /* MemoryMonitor.swift in Sources */ = {isa = PBXBuildFile; fileRef = CEF1140893880F3D9D7BFA00 /* MemoryMonitor.swift */; };
		E6C6E28A1A55B2063F406277 /* CPUMonitor.swift in Sources */ = {isa = PBXBuildFile; fileRef = AEA60FE930C9B20E55B5DD80 /* CPUMonitor.swift */; };
		EA8CF0415117DFBC4CE87CC7 /* ProcessMonitor.swift in Sources */ = {isa = PBXBuildFile; fileRef = C5891396C7E1C9163A1E9EA7 /* ProcessMonitor.swift */; };
		F99156F15AEEE6E2205E8506 /* GPUMonitor.swift in Sources */ = {isa = PBXBuildFile; fileRef = 367F35C8A78058964C14B7E7 /* GPUMonitor.swift */; };
		FBE3E8989D7FA09CFD93C4F6 /* DiskMonitor.swift in Sources */ = {isa = PBXBuildFile; fileRef = ECF0655512C7252A90D64A2B /* DiskMonitor.swift */; };
/* End PBXBuildFile section */

/* Begin PBXFileReference section */
		05670556DBF0B65EE435060A /* NetworkMonitor.swift */ = {isa = PBXFileReference; lastKnownFileType = sourcecode.swift; path = NetworkMonitor.swift; sourceTree = "<group>"; };
		0B935556A30059F603E84C46 /* ResourceTracker.app */ = {isa = PBXFileReference; explicitFileType = wrapper.application; includeInIndex = 0; path = ResourceTracker.app; sourceTree = BUILT_PRODUCTS_DIR; };
		243DDBF8B1487740A8A0DE6F /* Info.plist */ = {isa = PBXFileReference; lastKnownFileType = text.plist; path = Info.plist; sourceTree = "<group>"; };
		30B2A04F9F6A2C1450188BDC /* ResourceTrackerApp.swift */ = {isa = PBXFileReference; lastKnownFileType = sourcecode.swift; path = ResourceTrackerApp.swift; sourceTree = "<group>"; };
		367F35C8A78058964C14B7E7 /* GPUMonitor.swift */ = {isa = PBXFileReference; lastKnownFileType = sourcecode.swift; path = GPUMonitor.swift; sourceTree = "<group>"; };
		8B505D2366D01C9485C72F17 /* ContentView.swift */ = {isa = PBXFileReference; lastKnownFileType = sourcecode.swift; path = ContentView.swift; sourceTree = "<group>"; };
		9C599FE65203997348BBC9AA /* ResourceTracker.entitlements */ = {isa = PBXFileReference; lastKnownFileType = text.plist.entitlements; path = ResourceTracker.entitlements; sourceTree = "<group>"; };
		9E9EFF0B844C31B0FD9B85C6 /* VisualEffectView.swift */ = {isa = PBXFileReference; lastKnownFileType = sourcecode.swift; path = VisualEffectView.swift; sourceTree = "<group>"; };
		AEA60FE930C9B20E55B5DD80 /* CPUMonitor.swift */ = {isa = PBXFileReference; lastKnownFileType = sourcecode.swift; path = CPUMonitor.swift; sourceTree = "<group>"; };
		C5891396C7E1C9163A1E9EA7 /* ProcessMonitor.swift */ = {isa = PBXFileReference; lastKnownFileType = sourcecode.swift; path = ProcessMonitor.swift; sourceTree = "<group>"; };
		C87A89DE6FE1B3DD855620A3 /* Assets.xcassets */ = {isa = PBXFileReference; lastKnownFileType = folder.assetcatalog; path = Assets.xcassets; sourceTree = "<group>"; };
		CEF1140893880F3D9D7BFA00 /* MemoryMonitor.swift */ = {isa = PBXFileReference; lastKnownFileType = sourcecode.swift; path = MemoryMonitor.swift; sourceTree = "<group>"; };
		ECF0655512C7252A90D64A2B /* DiskMonitor.swift */ = {isa = PBXFileReference; lastKnownFileType = sourcecode.swift; path = DiskMonitor.swift; sourceTree = "<group>"; };
/* End PBXFileReference section */

/* Begin PBXGroup section */
		5AE34FD63B9F6DEF727D6451 /* ResourceTracker */ = {
			isa = PBXGroup;
			children = (
				C87A89DE6FE1B3DD855620A3 /* Assets.xcassets */,
				9C599FE65203997348BBC9AA /* ResourceTracker.entitlements */,
			);
			path = ResourceTracker;
			sourceTree = "<group>";
		};
		605A47EBE4054027A862B960 /* Products */ = {
			isa = PBXGroup;
			children = (
				0B935556A30059F603E84C46 /* ResourceTracker.app */,
			);
			name = Products;
			sourceTree = "<group>";
		};
		666888BD0FB77C8CB5696C5F /* src */ = {
			isa = PBXGroup;
			children = (
				8B505D2366D01C9485C72F17 /* ContentView.swift */,
				AEA60FE930C9B20E55B5DD80 /* CPUMonitor.swift */,
				ECF0655512C7252A90D64A2B /* DiskMonitor.swift */,
				367F35C8A78058964C14B7E7 /* GPUMonitor.swift */,
				CEF1140893880F3D9D7BFA00 /* MemoryMonitor.swift */,
				05670556DBF0B65EE435060A /* NetworkMonitor.swift */,
				C5891396C7E1C9163A1E9EA7 /* ProcessMonitor.swift */,
				30B2A04F9F6A2C1450188BDC /* ResourceTrackerApp.swift */,
				9E9EFF0B844C31B0FD9B85C6 /* VisualEffectView.swift */,
			);
			path = src;
			sourceTree = "<group>";
		};
		7038159B962367860DA6B30A = {
			isa = PBXGroup;
			children = (
				243DDBF8B1487740A8A0DE6F /* Info.plist */,
				5AE34FD63B9F6DEF727D6451 /* ResourceTracker */,
				666888BD0FB77C8CB5696C5F /* src */,
				605A47EBE4054027A862B960 /* Products */,
			);
			sourceTree = "<group>";
		};
/* End PBXGroup section */

/* Begin PBXNativeTarget section */
		760D23D854CA8101183D0C4A /* ResourceTracker */ = {
			isa = PBXNativeTarget;
			buildConfigurationList = 6BFB43464CDB9A7C4E74E471 /* Build configuration list for PBXNativeTarget "ResourceTracker" */;
			buildPhases = (
				CA6E5A93C1374CD87EFD9855 /* Sources */,
				F3398D1BEB2F35A88A9D91A7 /* Resources */,
			);
			buildRules = (
			);
			dependencies = (
			);
			name = ResourceTracker;
			packageProductDependencies = (
			);
			productName = ResourceTracker;
			productReference = 0B935556A30059F603E84C46 /* ResourceTracker.app */;
			productType = "com.apple.product-type.application";
		};
/* End PBXNativeTarget section */

/* Begin PBXProject section */
		126BCEBDFAE3781AAAB2CB84 /* Project object */ = {
			isa = PBXProject;
			attributes = {
				BuildIndependentTargetsInParallel = YES;
				LastUpgradeCheck = 1430;
				TargetAttributes = {
					760D23D854CA8101183D0C4A = {
						DevelopmentTeam = "";
						ProvisioningStyle = Automatic;
					};
				};
			};
			buildConfigurationList = D38553D026B793DCE0263106 /* Build configuration list for PBXProject "ResourceTracker" */;
			developmentRegion = en;
			hasScannedForEncodings = 0;
			knownRegions = (
				Base,
				en,
			);
			mainGroup = 7038159B962367860DA6B30A;
			minimizedProjectReferenceProxies = 1;
			preferredProjectObjectVersion = 77;
			productRefGroup = 605A47EBE4054027A862B960 /* Products */;
			projectDirPath = "";
			projectRoot = "";
			targets = (
				760D23D854CA8101183D0C4A /* ResourceTracker */,
			);
		};
/* End PBXProject section */

/* Begin PBXResourcesBuildPhase section */
		F3398D1BEB2F35A88A9D91A7 /* Resources */ = {
			isa = PBXResourcesBuildPhase;
			buildActionMask = 2147483647;
			files = (
				21F237FAE55974F3D17484B5 /* Assets.xcassets in Resources */,
			);
			runOnlyForDeploymentPostprocessing = 0;
		};
/* End PBXResourcesBuildPhase section */

/* Begin PBXSourcesBuildPhase section */
		CA6E5A93C1374CD87EFD9855 /* Sources */ = {
			isa = PBXSourcesBuildPhase;
			buildActionMask = 2147483647;
			files = (
				E6C6E28A1A55B2063F406277 /* CPUMonitor.swift in Sources */,
				304140B418F5D3ACBA93DA0D /* ContentView.swift in Sources */,
				FBE3E8989D7FA09CFD93C4F6 /* DiskMonitor.swift in Sources */,
				F99156F15AEEE6E2205E8506 /* GPUMonitor.swift in Sources */,
				CD04EC7EF4CED70AD9801884 /* MemoryMonitor.swift in Sources */,
				0DD83EFC0825E830344E8301 /* NetworkMonitor.swift in Sources */,
				EA8CF0415117DFBC4CE87CC7 /* ProcessMonitor.swift in Sources */,
				92C891B2916FD7339410D7BD /* ResourceTrackerApp.swift in Sources */,
				41B7084DD081155FC36FE98F /* VisualEffectView.swift in Sources */,
			);
			runOnlyForDeploymentPostprocessing = 0;
		};
/* End PBXSourcesBuildPhase section */

/* Begin XCBuildConfiguration section */
		30C8A83A8B093E96344C5D09 /* Release */ = {
			isa = XCBuildConfiguration;
			buildSettings = {
				ASSETCATALOG_COMPILER_APPICON_NAME = AppIcon;
				ASSETCATALOG_COMPILER_GLOBAL_ACCENT_COLOR_NAME = "";
				CODE_SIGN_ENTITLEMENTS = ResourceTracker/ResourceTracker.entitlements;
				CODE_SIGN_STYLE = Automatic;
				COMBINE_HIDPI_IMAGES = YES;
				CURRENT_PROJECT_VERSION = 1;
				DEVELOPMENT_TEAM = "";
				ENABLE_APP_SANDBOX = YES;
				ENABLE_HARDENED_RUNTIME = YES;
				ENABLE_USER_SCRIPT_SANDBOXING = YES;
				GENERATE_INFOPLIST_FILE = NO;
				INFOPLIST_FILE = Info.plist;
				LD_RUNPATH_SEARCH_PATHS = "$(inherited) @executable_path/../Frameworks";
				MARKETING_VERSION = 1.0;
				PRODUCT_BUNDLE_IDENTIFIER = com.hassan.ResourceTracker;
				PRODUCT_NAME = "Resource Tracker";
				SDKROOT = macosx;
			};
			name = Release;
		};
		4B7D2ABCBFF7EA5C3E2C4927 /* Debug */ = {
			isa = XCBuildConfiguration;
			buildSettings = {
				ALWAYS_SEARCH_USER_PATHS = NO;
				CLANG_ANALYZER_NONNULL = YES;
				CLANG_ANALYZER_NUMBER_OBJECT_CONVERSION = YES_AGGRESSIVE;
				CLANG_CXX_LANGUAGE_STANDARD = "gnu++14";
				CLANG_CXX_LIBRARY = "libc++";
				CLANG_ENABLE_MODULES = YES;
				CLANG_ENABLE_OBJC_ARC = YES;
				CLANG_ENABLE_OBJC_WEAK = YES;
				CLANG_WARN_BLOCK_CAPTURE_AUTORELEASING = YES;
				CLANG_WARN_BOOL_CONVERSION = YES;
				CLANG_WARN_COMMA = YES;
				CLANG_WARN_CONSTANT_CONVERSION = YES;
				CLANG_WARN_DEPRECATED_OBJC_IMPLEMENTATIONS = YES;
				CLANG_WARN_DIRECT_OBJC_ISA_USAGE = YES_ERROR;
				CLANG_WARN_DOCUMENTATION_COMMENTS = YES;
				CLANG_WARN_EMPTY_BODY = YES;
				CLANG_WARN_ENUM_CONVERSION = YES;
				CLANG_WARN_INFINITE_RECURSION = YES;
				CLANG_WARN_INT_CONVERSION = YES;
				CLANG_WARN_NON_LITERAL_NULL_CONVERSION = YES;
				CLANG_WARN_OBJC_IMPLICIT_RETAIN_SELF = YES;
				CLANG_WARN_OBJC_LITERAL_CONVERSION = YES;
				CLANG_WARN_OBJC_ROOT_CLASS = YES_ERROR;
				CLANG_WARN_QUOTED_INCLUDE_IN_FRAMEWORK_HEADER = YES;
				CLANG_WARN_RANGE_LOOP_ANALYSIS = YES;
				CLANG_WARN_STRICT_PROTOTYPES = YES;
				CLANG_WARN_SUSPICIOUS_MOVE = YES;
				CLANG_WARN_UNGUARDED_AVAILABILITY = YES_AGGRESSIVE;
				CLANG_WARN_UNREACHABLE_CODE = YES;
				CLANG_WARN__DUPLICATE_METHOD_MATCH = YES;
				COPY_PHASE_STRIP = NO;
				DEBUG_INFORMATION_FORMAT = dwarf;
				ENABLE_STRICT_OBJC_MSGSEND = YES;
				ENABLE_TESTABILITY = YES;
				GCC_C_LANGUAGE_STANDARD = gnu11;
				GCC_DYNAMIC_NO_PIC = NO;
				GCC_NO_COMMON_BLOCKS = YES;
				GCC_OPTIMIZATION_LEVEL = 0;
				GCC_PREPROCESSOR_DEFINITIONS = (
					"$(inherited)",
					"DEBUG=1",
				);
				GCC_WARN_64_TO_32_BIT_CONVERSION = YES;
				GCC_WARN_ABOUT_RETURN_TYPE = YES_ERROR;
				GCC_WARN_UNDECLARED_SELECTOR = YES;
				GCC_WARN_UNINITIALIZED_AUTOS = YES_AGGRESSIVE;
				GCC_WARN_UNUSED_FUNCTION = YES;
				GCC_WARN_UNUSED_VARIABLE = YES;
				MACOSX_DEPLOYMENT_TARGET = 26.0;
				MTL_ENABLE_DEBUG_INFO = INCLUDE_SOURCE;
				MTL_FAST_MATH = YES;
				ONLY_ACTIVE_ARCH = YES;
				PRODUCT_NAME = "$(TARGET_NAME)";
				SDKROOT = macosx;
				SWIFT_ACTIVE_COMPILATION_CONDITIONS = DEBUG;
				SWIFT_OPTIMIZATION_LEVEL = "-Onone";
				SWIFT_STRICT_CONCURRENCY = minimal;
				SWIFT_VERSION = 5.0;
			};
			name = Debug;
		};
		D60DD84D5EBBBF55015C808D /* Release */ = {
			isa = XCBuildConfiguration;
			buildSettings = {
				ALWAYS_SEARCH_USER_PATHS = NO;
				CLANG_ANALYZER_NONNULL = YES;
				CLANG_ANALYZER_NUMBER_OBJECT_CONVERSION = YES_AGGRESSIVE;
				CLANG_CXX_LANGUAGE_STANDARD = "gnu++14";
				CLANG_CXX_LIBRARY = "libc++";
				CLANG_ENABLE_MODULES = YES;
				CLANG_ENABLE_OBJC_ARC = YES;
				CLANG_ENABLE_OBJC_WEAK = YES;
				CLANG_WARN_BLOCK_CAPTURE_AUTORELEASING = YES;
				CLANG_WARN_BOOL_CONVERSION = YES;
				CLANG_WARN_COMMA = YES;
				CLANG_WARN_CONSTANT_CONVERSION = YES;
				CLANG_WARN_DEPRECATED_OBJC_IMPLEMENTATIONS = YES;
				CLANG_WARN_DIRECT_OBJC_ISA_USAGE = YES_ERROR;
				CLANG_WARN_DOCUMENTATION_COMMENTS = YES;
				CLANG_WARN_EMPTY_BODY = YES;
				CLANG_WARN_ENUM_CONVERSION = YES;
				CLANG_WARN_INFINITE_RECURSION = YES;
				CLANG_WARN_INT_CONVERSION = YES;
				CLANG_WARN_NON_LITERAL_NULL_CONVERSION = YES;
				CLANG_WARN_OBJC_IMPLICIT_RETAIN_SELF = YES;
				CLANG_WARN_OBJC_LITERAL_CONVERSION = YES;
				CLANG_WARN_OBJC_ROOT_CLASS = YES_ERROR;
				CLANG_WARN_QUOTED_INCLUDE_IN_FRAMEWORK_HEADER = YES;
				CLANG_WARN_RANGE_LOOP_ANALYSIS = YES;
				CLANG_WARN_STRICT_PROTOTYPES = YES;
				CLANG_WARN_SUSPICIOUS_MOVE = YES;
				CLANG_WARN_UNGUARDED_AVAILABILITY = YES_AGGRESSIVE;
				CLANG_WARN_UNREACHABLE_CODE = YES;
				CLANG_WARN__DUPLICATE_METHOD_MATCH = YES;
				COPY_PHASE_STRIP = NO;
				DEBUG_INFORMATION_FORMAT = "dwarf-with-dsym";
				ENABLE_NS_ASSERTIONS = NO;
				ENABLE_STRICT_OBJC_MSGSEND = YES;
				GCC_C_LANGUAGE_STANDARD = gnu11;
				GCC_NO_COMMON_BLOCKS = YES;
				GCC_WARN_64_TO_32_BIT_CONVERSION = YES;
				GCC_WARN_ABOUT_RETURN_TYPE = YES_ERROR;
				GCC_WARN_UNDECLARED_SELECTOR = YES;
				GCC_WARN_UNINITIALIZED_AUTOS = YES_AGGRESSIVE;
				GCC_WARN_UNUSED_FUNCTION = YES;
				GCC_WARN_UNUSED_VARIABLE = YES;
				MACOSX_DEPLOYMENT_TARGET = 26.0;
				MTL_ENABLE_DEBUG_INFO = NO;
				MTL_FAST_MATH = YES;
				PRODUCT_NAME = "$(TARGET_NAME)";
				SDKROOT = macosx;
				SWIFT_COMPILATION_MODE = wholemodule;
				SWIFT_OPTIMIZATION_LEVEL = "-O";
				SWIFT_STRICT_CONCURRENCY = minimal;
				SWIFT_VERSION = 5.0;
			};
			name = Release;
		};
		EC320147EF2A21FBC28D682D /* Debug */ = {
			isa = XCBuildConfiguration;
			buildSettings = {
				ASSETCATALOG_COMPILER_APPICON_NAME = AppIcon;
				ASSETCATALOG_COMPILER_GLOBAL_ACCENT_COLOR_NAME = "";
				CODE_SIGN_ENTITLEMENTS = ResourceTracker/ResourceTracker.entitlements;
				CODE_SIGN_STYLE = Automatic;
				COMBINE_HIDPI_IMAGES = YES;
				CURRENT_PROJECT_VERSION = 1;
				DEVELOPMENT_TEAM = "";
				ENABLE_APP_SANDBOX = YES;
				ENABLE_HARDENED_RUNTIME = YES;
				ENABLE_USER_SCRIPT_SANDBOXING = YES;
				GENERATE_INFOPLIST_FILE = NO;
				INFOPLIST_FILE = Info.plist;
				LD_RUNPATH_SEARCH_PATHS = "$(inherited) @executable_path/../Frameworks";
				MARKETING_VERSION = 1.0;
				PRODUCT_BUNDLE_IDENTIFIER = com.hassan.ResourceTracker;
				PRODUCT_NAME = "Resource Tracker";
				SDKROOT = macosx;
			};
			name = Debug;
		};
/* End XCBuildConfiguration section */

/* Begin XCConfigurationList section */
		6BFB43464CDB9A7C4E74E471 /* Build configuration list for PBXNativeTarget "ResourceTracker" */ = {
			isa = XCConfigurationList;
			buildConfigurations = (
				EC320147EF2A21FBC28D682D /* Debug */,
				30C8A83A8B093E96344C5D09 /* Release */,
			);
			defaultConfigurationIsVisible = 0;
			defaultConfigurationName = Debug;
		};
		D38553D026B793DCE0263106 /* Build configuration list for PBXProject "ResourceTracker" */ = {
			isa = XCConfigurationList;
			buildConfigurations = (
				4B7D2ABCBFF7EA5C3E2C4927 /* Debug */,
				D60DD84D5EBBBF55015C808D /* Release */,
			);
			defaultConfigurationIsVisible = 0;
			defaultConfigurationName = Debug;
		};
/* End XCConfigurationList section */
	};
	rootObject = 126BCEBDFAE3781AAAB2CB84 /* Project object */;
}
